// !$*UTF8*$!
{
	archiveVersion = 1;
	classes = {
	};
	objectVersion = 50;
	objects = {

/* Begin PBXBuildFile section */
		6F316D9825BF5683001552C9 /* ChatBotApp.swift in Sources */ = {isa = PBXBuildFile; fileRef = 6F316D9725BF5683001552C9 /* ChatBotApp.swift */; };
		6F316D9A25BF5683001552C9 /* ChatView.swift in Sources */ = {isa = PBXBuildFile; fileRef = 6F316D9925BF5683001552C9 /* ChatView.swift */; };
		6F316D9C25BF5684001552C9 /* Assets.xcassets in Resources */ = {isa = PBXBuildFile; fileRef = 6F316D9B25BF5684001552C9 /* Assets.xcassets */; };
		6F316D9F25BF5684001552C9 /* Preview Assets.xcassets in Resources */ = {isa = PBXBuildFile; fileRef = 6F316D9E25BF5684001552C9 /* Preview Assets.xcassets */; };
		6F316DA825BF56BA001552C9 /* ChatBotTextClassifier.mlmodel in Sources */ = {isa = PBXBuildFile; fileRef = 6F316DA725BF56BA001552C9 /* ChatBotTextClassifier.mlmodel */; };
		6F316DAD25BF5711001552C9 /* Message.swift in Sources */ = {isa = PBXBuildFile; fileRef = 6F316DAC25BF5711001552C9 /* Message.swift */; };
		6F316DB025BF5756001552C9 /* User.swift in Sources */ = {isa = PBXBuildFile; fileRef = 6F316DAF25BF5756001552C9 /* User.swift */; };
		6F316DB325BF5875001552C9 /* AppModel.swift in Sources */ = {isa = PBXBuildFile; fileRef = 6F316DB225BF5875001552C9 /* AppModel.swift */; };
		6F316DB725BF5B3E001552C9 /* MessageBubbleView.swift in Sources */ = {isa = PBXBuildFile; fileRef = 6F316DB625BF5B3E001552C9 /* MessageBubbleView.swift */; };
		6F316DBC25BF6094001552C9 /* Bot.swift in Sources */ = {isa = PBXBuildFile; fileRef = 6F316DBB25BF6094001552C9 /* Bot.swift */; };
		6F316DC225BF62C8001552C9 /* IntentHandling.swift in Sources */ = {isa = PBXBuildFile; fileRef = 6F316DC125BF62C8001552C9 /* IntentHandling.swift */; };
		6F316DC525BF6326001552C9 /* WhatDayIntentHandler.swift in Sources */ = {isa = PBXBuildFile; fileRef = 6F316DC425BF6326001552C9 /* WhatDayIntentHandler.swift */; };
		6FA6D37425C00A2A000CAEC5 /* IntentHandlerError.swift in Sources */ = {isa = PBXBuildFile; fileRef = 6FA6D37325C00A2A000CAEC5 /* IntentHandlerError.swift */; };
		6FA6D38225C00D01000CAEC5 /* HackBot.swift in Sources */ = {isa = PBXBuildFile; fileRef = 6FA6D38125C00D01000CAEC5 /* HackBot.swift */; };
		6FA6D38625C01169000CAEC5 /* BotListView.swift in Sources */ = {isa = PBXBuildFile; fileRef = 6FA6D38525C01169000CAEC5 /* BotListView.swift */; };
		6FE7EEE925BF663C006E8880 /* ChuckNorrisFactIntentHandler.swift in Sources */ = {isa = PBXBuildFile; fileRef = 6FE7EEE825BF663C006E8880 /* ChuckNorrisFactIntentHandler.swift */; };
		6FE7EEF525BF6E96006E8880 /* DismissKeyboardOnDragModifier.swift in Sources */ = {isa = PBXBuildFile; fileRef = 6FE7EEF425BF6E96006E8880 /* DismissKeyboardOnDragModifier.swift */; };
		6FE7EEFD25BF70D0006E8880 /* HelloIntentHandler.swift in Sources */ = {isa = PBXBuildFile; fileRef = 6FE7EEFC25BF70D0006E8880 /* HelloIntentHandler.swift */; };
		6FE7EF0225BF758A006E8880 /* BookHolidayIntentHandler.swift in Sources */ = {isa = PBXBuildFile; fileRef = 6FE7EF0125BF758A006E8880 /* BookHolidayIntentHandler.swift */; };
		6FE7EF0525BF7F42006E8880 /* MessageBarView.swift in Sources */ = {isa = PBXBuildFile; fileRef = 6FE7EF0425BF7F42006E8880 /* MessageBarView.swift */; };
/* End PBXBuildFile section */

/* Begin PBXFileReference section */
		6F19A7CB25BF85310061E76C /* ChatBot.entitlements */ = {isa = PBXFileReference; lastKnownFileType = text.plist.entitlements; path = ChatBot.entitlements; sourceTree = "<group>"; };
		6F316D9425BF5683001552C9 /* ChatBot.app */ = {isa = PBXFileReference; explicitFileType = wrapper.application; includeInIndex = 0; path = ChatBot.app; sourceTree = BUILT_PRODUCTS_DIR; };
		6F316D9725BF5683001552C9 /* ChatBotApp.swift */ = {isa = PBXFileReference; lastKnownFileType = sourcecode.swift; path = ChatBotApp.swift; sourceTree = "<group>"; };
		6F316D9925BF5683001552C9 /* ChatView.swift */ = {isa = PBXFileReference; lastKnownFileType = sourcecode.swift; path = ChatView.swift; sourceTree = "<group>"; };
		6F316D9B25BF5684001552C9 /* Assets.xcassets */ = {isa = PBXFileReference; lastKnownFileType = folder.assetcatalog; path = Assets.xcassets; sourceTree = "<group>"; };
		6F316D9E25BF5684001552C9 /* Preview Assets.xcassets */ = {isa = PBXFileReference; lastKnownFileType = folder.assetcatalog; path = "Preview Assets.xcassets"; sourceTree = "<group>"; };
		6F316DA025BF5684001552C9 /* Info.plist */ = {isa = PBXFileReference; lastKnownFileType = text.plist.xml; path = Info.plist; sourceTree = "<group>"; };
		6F316DA725BF56BA001552C9 /* ChatBotTextClassifier.mlmodel */ = {isa = PBXFileReference; lastKnownFileType = file.mlmodel; path = ChatBotTextClassifier.mlmodel; sourceTree = "<group>"; };
		6F316DAC25BF5711001552C9 /* Message.swift */ = {isa = PBXFileReference; lastKnownFileType = sourcecode.swift; path = Message.swift; sourceTree = "<group>"; };
		6F316DAF25BF5756001552C9 /* User.swift */ = {isa = PBXFileReference; lastKnownFileType = sourcecode.swift; path = User.swift; sourceTree = "<group>"; };
		6F316DB225BF5875001552C9 /* AppModel.swift */ = {isa = PBXFileReference; lastKnownFileType = sourcecode.swift; path = AppModel.swift; sourceTree = "<group>"; };
		6F316DB625BF5B3E001552C9 /* MessageBubbleView.swift */ = {isa = PBXFileReference; lastKnownFileType = sourcecode.swift; path = MessageBubbleView.swift; sourceTree = "<group>"; };
		6F316DBB25BF6094001552C9 /* Bot.swift */ = {isa = PBXFileReference; lastKnownFileType = sourcecode.swift; path = Bot.swift; sourceTree = "<group>"; };
		6F316DC125BF62C8001552C9 /* IntentHandling.swift */ = {isa = PBXFileReference; lastKnownFileType = sourcecode.swift; path = IntentHandling.swift; sourceTree = "<group>"; };
		6F316DC425BF6326001552C9 /* WhatDayIntentHandler.swift */ = {isa = PBXFileReference; lastKnownFileType = sourcecode.swift; path = WhatDayIntentHandler.swift; sourceTree = "<group>"; };
		6FA6D37325C00A2A000CAEC5 /* IntentHandlerError.swift */ = {isa = PBXFileReference; lastKnownFileType = sourcecode.swift; path = IntentHandlerError.swift; sourceTree = "<group>"; };
		6FA6D38125C00D01000CAEC5 /* HackBot.swift */ = {isa = PBXFileReference; lastKnownFileType = sourcecode.swift; path = HackBot.swift; sourceTree = "<group>"; };
		6FA6D38525C01169000CAEC5 /* BotListView.swift */ = {isa = PBXFileReference; lastKnownFileType = sourcecode.swift; path = BotListView.swift; sourceTree = "<group>"; };
		6FE7EEE825BF663C006E8880 /* ChuckNorrisFactIntentHandler.swift */ = {isa = PBXFileReference; lastKnownFileType = sourcecode.swift; path = ChuckNorrisFactIntentHandler.swift; sourceTree = "<group>"; };
		6FE7EEF425BF6E96006E8880 /* DismissKeyboardOnDragModifier.swift */ = {isa = PBXFileReference; lastKnownFileType = sourcecode.swift; path = DismissKeyboardOnDragModifier.swift; sourceTree = "<group>"; };
		6FE7EEF925BF7062006E8880 /* test.json */ = {isa = PBXFileReference; lastKnownFileType = text.json; path = test.json; sourceTree = "<group>"; };
		6FE7EEFB25BF7062006E8880 /* training.json */ = {isa = PBXFileReference; lastKnownFileType = text.json; path = training.json; sourceTree = "<group>"; };
		6FE7EEFC25BF70D0006E8880 /* HelloIntentHandler.swift */ = {isa = PBXFileReference; lastKnownFileType = sourcecode.swift; path = HelloIntentHandler.swift; sourceTree = "<group>"; };
		6FE7EF0125BF758A006E8880 /* BookHolidayIntentHandler.swift */ = {isa = PBXFileReference; lastKnownFileType = sourcecode.swift; path = BookHolidayIntentHandler.swift; sourceTree = "<group>"; };
		6FE7EF0425BF7F42006E8880 /* MessageBarView.swift */ = {isa = PBXFileReference; lastKnownFileType = sourcecode.swift; path = MessageBarView.swift; sourceTree = "<group>"; };
/* End PBXFileReference section */

/* Begin PBXFrameworksBuildPhase section */
		6F316D9125BF5683001552C9 /* Frameworks */ = {
			isa = PBXFrameworksBuildPhase;
			buildActionMask = 2147483647;
			files = (
			);
			runOnlyForDeploymentPostprocessing = 0;
		};
/* End PBXFrameworksBuildPhase section */

/* Begin PBXGroup section */
		6F316D8B25BF5683001552C9 = {
			isa = PBXGroup;
			children = (
				6F316D9625BF5683001552C9 /* ChatBot */,
				6FE7EEF825BF7040006E8880 /* Training Data */,
				6F316D9525BF5683001552C9 /* Products */,
			);
			sourceTree = "<group>";
		};
		6F316D9525BF5683001552C9 /* Products */ = {
			isa = PBXGroup;
			children = (
				6F316D9425BF5683001552C9 /* ChatBot.app */,
			);
			name = Products;
			sourceTree = "<group>";
		};
		6F316D9625BF5683001552C9 /* ChatBot */ = {
			isa = PBXGroup;
			children = (
				6F19A7CB25BF85310061E76C /* ChatBot.entitlements */,
				6F316D9725BF5683001552C9 /* ChatBotApp.swift */,
				6FA6D38525C01169000CAEC5 /* BotListView.swift */,
				6F316D9925BF5683001552C9 /* ChatView.swift */,
				6FE7EF0425BF7F42006E8880 /* MessageBarView.swift */,
				6F316DB625BF5B3E001552C9 /* MessageBubbleView.swift */,
				6FE7EEF425BF6E96006E8880 /* DismissKeyboardOnDragModifier.swift */,
				6F316D9B25BF5684001552C9 /* Assets.xcassets */,
				6F316DAB25BF5704001552C9 /* Models */,
				6F316DC025BF62A8001552C9 /* HackBot */,
				6F316DA025BF5684001552C9 /* Info.plist */,
				6F316D9D25BF5684001552C9 /* Preview Content */,
			);
			path = ChatBot;
			sourceTree = "<group>";
		};
		6F316D9D25BF5684001552C9 /* Preview Content */ = {
			isa = PBXGroup;
			children = (
				6F316D9E25BF5684001552C9 /* Preview Assets.xcassets */,
			);
			path = "Preview Content";
			sourceTree = "<group>";
		};
		6F316DAB25BF5704001552C9 /* Models */ = {
			isa = PBXGroup;
			children = (
				6F316DB225BF5875001552C9 /* AppModel.swift */,
				6F316DBB25BF6094001552C9 /* Bot.swift */,
				6F316DAC25BF5711001552C9 /* Message.swift */,
				6F316DAF25BF5756001552C9 /* User.swift */,
				6F316DC125BF62C8001552C9 /* IntentHandling.swift */,
				6FA6D37325C00A2A000CAEC5 /* IntentHandlerError.swift */,
			);
			path = Models;
			sourceTree = "<group>";
		};
		6F316DC025BF62A8001552C9 /* HackBot */ = {
			isa = PBXGroup;
			children = (
				6FA6D38125C00D01000CAEC5 /* HackBot.swift */,
				6F316DA725BF56BA001552C9 /* ChatBotTextClassifier.mlmodel */,
				6FA6D37925C00BD1000CAEC5 /* Greeting */,
				6FA6D37A25C00BD9000CAEC5 /* Calendar */,
				6FA6D37B25C00BDE000CAEC5 /* Fact */,
				6FA6D37C25C00BE2000CAEC5 /* Absence */,
			);
			path = HackBot;
			sourceTree = "<group>";
		};
		6FA6D37925C00BD1000CAEC5 /* Greeting */ = {
			isa = PBXGroup;
			children = (
				6FE7EEFC25BF70D0006E8880 /* HelloIntentHandler.swift */,
			);
			path = Greeting;
			sourceTree = "<group>";
		};
		6FA6D37A25C00BD9000CAEC5 /* Calendar */ = {
			isa = PBXGroup;
			children = (
				6F316DC425BF6326001552C9 /* WhatDayIntentHandler.swift */,
			);
			path = Calendar;
			sourceTree = "<group>";
		};
		6FA6D37B25C00BDE000CAEC5 /* Fact */ = {
			isa = PBXGroup;
			children = (
				6FE7EEE825BF663C006E8880 /* ChuckNorrisFactIntentHandler.swift */,
			);
			path = Fact;
			sourceTree = "<group>";
		};
		6FA6D37C25C00BE2000CAEC5 /* Absence */ = {
			isa = PBXGroup;
			children = (
				6FE7EF0125BF758A006E8880 /* BookHolidayIntentHandler.swift */,
			);
			path = Absence;
			sourceTree = "<group>";
		};
		6FE7EEF825BF7040006E8880 /* Training Data */ = {
			isa = PBXGroup;
			children = (
				6FE7EEF925BF7062006E8880 /* test.json */,
				6FE7EEFB25BF7062006E8880 /* training.json */,
			);
			path = "Training Data";
			sourceTree = "<group>";
		};
/* End PBXGroup section */

/* Begin PBXNativeTarget section */
		6F316D9325BF5683001552C9 /* ChatBot */ = {
			isa = PBXNativeTarget;
			buildConfigurationList = 6F316DA325BF5684001552C9 /* Build configuration list for PBXNativeTarget "ChatBot" */;
			buildPhases = (
				6F316D9025BF5683001552C9 /* Sources */,
				6F316D9125BF5683001552C9 /* Frameworks */,
				6F316D9225BF5683001552C9 /* Resources */,
			);
			buildRules = (
			);
			dependencies = (
			);
			name = ChatBot;
			productName = ChatBot;
			productReference = 6F316D9425BF5683001552C9 /* ChatBot.app */;
			productType = "com.apple.product-type.application";
		};
/* End PBXNativeTarget section */

/* Begin PBXProject section */
		6F316D8C25BF5683001552C9 /* Project object */ = {
			isa = PBXProject;
			attributes = {
				LastSwiftUpdateCheck = 1230;
				LastUpgradeCheck = 1230;
				TargetAttributes = {
					6F316D9325BF5683001552C9 = {
						CreatedOnToolsVersion = 12.3;
					};
				};
			};
			buildConfigurationList = 6F316D8F25BF5683001552C9 /* Build configuration list for PBXProject "ChatBot" */;
			compatibilityVersion = "Xcode 9.3";
			developmentRegion = en;
			hasScannedForEncodings = 0;
			knownRegions = (
				en,
				Base,
			);
			mainGroup = 6F316D8B25BF5683001552C9;
			productRefGroup = 6F316D9525BF5683001552C9 /* Products */;
			projectDirPath = "";
			projectRoot = "";
			targets = (
				6F316D9325BF5683001552C9 /* ChatBot */,
			);
		};
/* End PBXProject section */

/* Begin PBXResourcesBuildPhase section */
		6F316D9225BF5683001552C9 /* Resources */ = {
			isa = PBXResourcesBuildPhase;
			buildActionMask = 2147483647;
			files = (
				6F316D9F25BF5684001552C9 /* Preview Assets.xcassets in Resources */,
				6F316D9C25BF5684001552C9 /* Assets.xcassets in Resources */,
			);
			runOnlyForDeploymentPostprocessing = 0;
		};
/* End PBXResourcesBuildPhase section */

/* Begin PBXSourcesBuildPhase section */
		6F316D9025BF5683001552C9 /* Sources */ = {
			isa = PBXSourcesBuildPhase;
			buildActionMask = 2147483647;
			files = (
				6F316DB725BF5B3E001552C9 /* MessageBubbleView.swift in Sources */,
				6FE7EEF525BF6E96006E8880 /* DismissKeyboardOnDragModifier.swift in Sources */,
				6F316DA825BF56BA001552C9 /* ChatBotTextClassifier.mlmodel in Sources */,
				6FE7EF0525BF7F42006E8880 /* MessageBarView.swift in Sources */,
				6F316DB325BF5875001552C9 /* AppModel.swift in Sources */,
				6F316DC525BF6326001552C9 /* WhatDayIntentHandler.swift in Sources */,
				6F316DC225BF62C8001552C9 /* IntentHandling.swift in Sources */,
				6FE7EF0225BF758A006E8880 /* BookHolidayIntentHandler.swift in Sources */,
				6F316DBC25BF6094001552C9 /* Bot.swift in Sources */,
				6FE7EEFD25BF70D0006E8880 /* HelloIntentHandler.swift in Sources */,
				6F316DAD25BF5711001552C9 /* Message.swift in Sources */,
				6F316D9A25BF5683001552C9 /* ChatView.swift in Sources */,
				6FE7EEE925BF663C006E8880 /* ChuckNorrisFactIntentHandler.swift in Sources */,
				6FA6D37425C00A2A000CAEC5 /* IntentHandlerError.swift in Sources */,
				6F316DB025BF5756001552C9 /* User.swift in Sources */,
				6F316D9825BF5683001552C9 /* ChatBotApp.swift in Sources */,
				6FA6D38625C01169000CAEC5 /* BotListView.swift in Sources */,
				6FA6D38225C00D01000CAEC5 /* HackBot.swift in Sources */,
			);
			runOnlyForDeploymentPostprocessing = 0;
		};
/* End PBXSourcesBuildPhase section */

/* Begin XCBuildConfiguration section */
		6F316DA125BF5684001552C9 /* Debug */ = {
			isa = XCBuildConfiguration;
			buildSettings = {
				ALWAYS_SEARCH_USER_PATHS = NO;
				CLANG_ANALYZER_NONNULL = YES;
				CLANG_ANALYZER_NUMBER_OBJECT_CONVERSION = YES_AGGRESSIVE;
				CLANG_CXX_LANGUAGE_STANDARD = "gnu++14";
				CLANG_CXX_LIBRARY = "libc++";
				CLANG_ENABLE_MODULES = YES;
				CLANG_ENABLE_OBJC_ARC = YES;
				CLANG_ENABLE_OBJC_WEAK = YES;
				CLANG_WARN_BLOCK_CAPTURE_AUTORELEASING = YES;
				CLANG_WARN_BOOL_CONVERSION = YES;
				CLANG_WARN_COMMA = YES;
				CLANG_WARN_CONSTANT_CONVERSION = YES;
				CLANG_WARN_DEPRECATED_OBJC_IMPLEMENTATIONS = YES;
				CLANG_WARN_DIRECT_OBJC_ISA_USAGE = YES_ERROR;
				CLANG_WARN_DOCUMENTATION_COMMENTS = YES;
				CLANG_WARN_EMPTY_BODY = YES;
				CLANG_WARN_ENUM_CONVERSION = YES;
				CLANG_WARN_INFINITE_RECURSION = YES;
				CLANG_WARN_INT_CONVERSION = YES;
				CLANG_WARN_NON_LITERAL_NULL_CONVERSION = YES;
				CLANG_WARN_OBJC_IMPLICIT_RETAIN_SELF = YES;
				CLANG_WARN_OBJC_LITERAL_CONVERSION = YES;
				CLANG_WARN_OBJC_ROOT_CLASS = YES_ERROR;
				CLANG_WARN_QUOTED_INCLUDE_IN_FRAMEWORK_HEADER = YES;
				CLANG_WARN_RANGE_LOOP_ANALYSIS = YES;
				CLANG_WARN_STRICT_PROTOTYPES = YES;
				CLANG_WARN_SUSPICIOUS_MOVE = YES;
				CLANG_WARN_UNGUARDED_AVAILABILITY = YES_AGGRESSIVE;
				CLANG_WARN_UNREACHABLE_CODE = YES;
				CLANG_WARN__DUPLICATE_METHOD_MATCH = YES;
				COPY_PHASE_STRIP = NO;
				DEBUG_INFORMATION_FORMAT = dwarf;
				ENABLE_STRICT_OBJC_MSGSEND = YES;
				ENABLE_TESTABILITY = YES;
				GCC_C_LANGUAGE_STANDARD = gnu11;
				GCC_DYNAMIC_NO_PIC = NO;
				GCC_NO_COMMON_BLOCKS = YES;
				GCC_OPTIMIZATION_LEVEL = 0;
				GCC_PREPROCESSOR_DEFINITIONS = (
					"DEBUG=1",
					"$(inherited)",
				);
				GCC_WARN_64_TO_32_BIT_CONVERSION = YES;
				GCC_WARN_ABOUT_RETURN_TYPE = YES_ERROR;
				GCC_WARN_UNDECLARED_SELECTOR = YES;
				GCC_WARN_UNINITIALIZED_AUTOS = YES_AGGRESSIVE;
				GCC_WARN_UNUSED_FUNCTION = YES;
				GCC_WARN_UNUSED_VARIABLE = YES;
				IPHONEOS_DEPLOYMENT_TARGET = 14.3;
				MTL_ENABLE_DEBUG_INFO = INCLUDE_SOURCE;
				MTL_FAST_MATH = YES;
				ONLY_ACTIVE_ARCH = YES;
				SDKROOT = iphoneos;
				SWIFT_ACTIVE_COMPILATION_CONDITIONS = DEBUG;
				SWIFT_OPTIMIZATION_LEVEL = "-Onone";
			};
			name = Debug;
		};
		6F316DA225BF5684001552C9 /* Release */ = {
			isa = XCBuildConfiguration;
			buildSettings = {
				ALWAYS_SEARCH_USER_PATHS = NO;
				CLANG_ANALYZER_NONNULL = YES;
				CLANG_ANALYZER_NUMBER_OBJECT_CONVERSION = YES_AGGRESSIVE;
				CLANG_CXX_LANGUAGE_STANDARD = "gnu++14";
				CLANG_CXX_LIBRARY = "libc++";
				CLANG_ENABLE_MODULES = YES;
				CLANG_ENABLE_OBJC_ARC = YES;
				CLANG_ENABLE_OBJC_WEAK = YES;
				CLANG_WARN_BLOCK_CAPTURE_AUTORELEASING = YES;
				CLANG_WARN_BOOL_CONVERSION = YES;
				CLANG_WARN_COMMA = YES;
				CLANG_WARN_CONSTANT_CONVERSION = YES;
				CLANG_WARN_DEPRECATED_OBJC_IMPLEMENTATIONS = YES;
				CLANG_WARN_DIRECT_OBJC_ISA_USAGE = YES_ERROR;
				CLANG_WARN_DOCUMENTATION_COMMENTS = YES;
				CLANG_WARN_EMPTY_BODY = YES;
				CLANG_WARN_ENUM_CONVERSION = YES;
				CLANG_WARN_INFINITE_RECURSION = YES;
				CLANG_WARN_INT_CONVERSION = YES;
				CLANG_WARN_NON_LITERAL_NULL_CONVERSION = YES;
				CLANG_WARN_OBJC_IMPLICIT_RETAIN_SELF = YES;
				CLANG_WARN_OBJC_LITERAL_CONVERSION = YES;
				CLANG_WARN_OBJC_ROOT_CLASS = YES_ERROR;
				CLANG_WARN_QUOTED_INCLUDE_IN_FRAMEWORK_HEADER = YES;
				CLANG_WARN_RANGE_LOOP_ANALYSIS = YES;
				CLANG_WARN_STRICT_PROTOTYPES = YES;
				CLANG_WARN_SUSPICIOUS_MOVE = YES;
				CLANG_WARN_UNGUARDED_AVAILABILITY = YES_AGGRESSIVE;
				CLANG_WARN_UNREACHABLE_CODE = YES;
				CLANG_WARN__DUPLICATE_METHOD_MATCH = YES;
				COPY_PHASE_STRIP = NO;
				DEBUG_INFORMATION_FORMAT = "dwarf-with-dsym";
				ENABLE_NS_ASSERTIONS = NO;
				ENABLE_STRICT_OBJC_MSGSEND = YES;
				GCC_C_LANGUAGE_STANDARD = gnu11;
				GCC_NO_COMMON_BLOCKS = YES;
				GCC_WARN_64_TO_32_BIT_CONVERSION = YES;
				GCC_WARN_ABOUT_RETURN_TYPE = YES_ERROR;
				GCC_WARN_UNDECLARED_SELECTOR = YES;
				GCC_WARN_UNINITIALIZED_AUTOS = YES_AGGRESSIVE;
				GCC_WARN_UNUSED_FUNCTION = YES;
				GCC_WARN_UNUSED_VARIABLE = YES;
				IPHONEOS_DEPLOYMENT_TARGET = 14.3;
				MTL_ENABLE_DEBUG_INFO = NO;
				MTL_FAST_MATH = YES;
				SDKROOT = iphoneos;
				SWIFT_COMPILATION_MODE = wholemodule;
				SWIFT_OPTIMIZATION_LEVEL = "-O";
				VALIDATE_PRODUCT = YES;
			};
			name = Release;
		};
		6F316DA425BF5684001552C9 /* Debug */ = {
			isa = XCBuildConfiguration;
			buildSettings = {
				ASSETCATALOG_COMPILER_APPICON_NAME = AppIcon;
				ASSETCATALOG_COMPILER_GLOBAL_ACCENT_COLOR_NAME = AccentColor;
				CODE_SIGN_ENTITLEMENTS = ChatBot/ChatBot.entitlements;
				CODE_SIGN_STYLE = Automatic;
				DEVELOPMENT_ASSET_PATHS = "\"ChatBot/Preview Content\"";
				DEVELOPMENT_TEAM = B43ZJ6HHUE;
				ENABLE_PREVIEWS = YES;
				INFOPLIST_FILE = ChatBot/Info.plist;
				IPHONEOS_DEPLOYMENT_TARGET = 14.0;
				LD_RUNPATH_SEARCH_PATHS = (
					"$(inherited)",
					"@executable_path/Frameworks",
				);
				PRODUCT_BUNDLE_IDENTIFIER = "uk.co.adam-young.ChatBot";
				PRODUCT_NAME = "$(TARGET_NAME)";
				SUPPORTS_MACCATALYST = YES;
				SWIFT_VERSION = 5.0;
				TARGETED_DEVICE_FAMILY = "1,2";
			};
			name = Debug;
		};
		6F316DA525BF5684001552C9 /* Release */ = {
			isa = XCBuildConfiguration;
			buildSettings = {
				ASSETCATALOG_COMPILER_APPICON_NAME = AppIcon;
				ASSETCATALOG_COMPILER_GLOBAL_ACCENT_COLOR_NAME = AccentColor;
				CODE_SIGN_ENTITLEMENTS = ChatBot/ChatBot.entitlements;
				CODE_SIGN_STYLE = Automatic;
				DEVELOPMENT_ASSET_PATHS = "\"ChatBot/Preview Content\"";
				DEVELOPMENT_TEAM = B43ZJ6HHUE;
				ENABLE_PREVIEWS = YES;
				INFOPLIST_FILE = ChatBot/Info.plist;
				IPHONEOS_DEPLOYMENT_TARGET = 14.0;
				LD_RUNPATH_SEARCH_PATHS = (
					"$(inherited)",
					"@executable_path/Frameworks",
				);
				PRODUCT_BUNDLE_IDENTIFIER = "uk.co.adam-young.ChatBot";
				PRODUCT_NAME = "$(TARGET_NAME)";
				SUPPORTS_MACCATALYST = YES;
				SWIFT_VERSION = 5.0;
				TARGETED_DEVICE_FAMILY = "1,2";
			};
			name = Release;
		};
/* End XCBuildConfiguration section */

/* Begin XCConfigurationList section */
		6F316D8F25BF5683001552C9 /* Build configuration list for PBXProject "ChatBot" */ = {
			isa = XCConfigurationList;
			buildConfigurations = (
				6F316DA125BF5684001552C9 /* Debug */,
				6F316DA225BF5684001552C9 /* Release */,
			);
			defaultConfigurationIsVisible = 0;
			defaultConfigurationName = Release;
		};
		6F316DA325BF5684001552C9 /* Build configuration list for PBXNativeTarget "ChatBot" */ = {
			isa = XCConfigurationList;
			buildConfigurations = (
				6F316DA425BF5684001552C9 /* Debug */,
				6F316DA525BF5684001552C9 /* Release */,
			);
			defaultConfigurationIsVisible = 0;
			defaultConfigurationName = Release;
		};
/* End XCConfigurationList section */
	};
	rootObject = 6F316D8C25BF5683001552C9 /* Project object */;
}
